{
  "name": "tfjs-examples-webcam-transfer-learning",
  "version": "0.1.0",
  "lockfileVersion": 1,
  "requires": true,
  "dependencies": {
    "file-saver": {
      "version": "2.0.0-rc.4",
      "resolved": "https://registry.npmjs.org/file-saver/-/file-saver-2.0.0-rc.4.tgz",
      "integrity": "sha512-6Runcc5CffLF9Rpf/MLc3db9eOi2f7b+DvBXpSpJ/hEy+olM+Bw0kx/bOnnp1X4QgOkFZe8ojrM4iZ0JCWmVMQ=="
    }
  }
}
